{
  "symfony/framework-bundle": {
    "version": "5.3",
    "recipe": { "repo": "github.com/symfony/recipes", "version": "5.2", "ref": "abc123" },
    "files": ["config/packages/framework.yaml"]
  },
  "symfony/monolog-bundle": {
    "version": "3.0",
    "recipe": { "repo": "github.com/symfony/recipes", "version": "3.0", "ref": "def456" },
    "files": ["config/packages/monolog.yaml"]
  },
  "symfony/old-bundle": {
    "version": "1.0",
    "recipe": { "repo": "github.com/symfony/recipes", "version": "1.0", "ref": "old" },
    "files": ["config/packages/old.yaml"]
  }
}
